{
  "nodes": {
    "home-manager": {
      "inputs": {
        "nixpkgs": [
          "nixpkgs"
        ],
        "utils": "utils"
      },
      "locked": {
        "lastModified": 1677013990,
        "narHash": "sha256-HwAnE5MHsyLiRJp50KfDFPiiOZXI0Ts8hXpIh6yBilE=",
        "owner": "nix-community",
        "repo": "home-manager",
        "rev": "564b82b3542026e7fb5d0da16c56ae3e40e5c9dd",
        "type": "github"
      },
      "original": {
        "owner": "nix-community",
        "repo": "home-manager",
        "type": "github"
      }
    },
    "nixpkgs": {
      "locked": {
        "lastModified": 1676973346,
        "narHash": "sha256-rft8oGMocTAhUVqG3LW6I8K/Fo9ICGmNjRqaWTJwav0=",
        "owner": "nixos",
        "repo": "nixpkgs",
        "rev": "d0d55259081f0b97c828f38559cad899d351cad1",
        "type": "github"
      },
      "original": {
        "owner": "nixos",
        "ref": "nixos-unstable",
        "repo": "nixpkgs",
        "type": "github"
      }
    },
    "nonicons": {
      "flake": false,
      "locked": {
        "lastModified": 1676979955,
        "narHash": "sha256-lnBVQP0VUD5z5wta5T6A2lKv3Wb4Dd5rqUVqU/daa+0=",
        "owner": "yamatsum",
        "repo": "nonicons",
        "rev": "6fd17c5f28f968bd5c1f3bf4371cb7dce1ab9281",
        "type": "github"
      },
      "original": {
        "owner": "yamatsum",
        "repo": "nonicons",
        "type": "github"
      }
    },
    "nur": {
      "locked": {
        "lastModified": 1677084824,
        "narHash": "sha256-zx6tP0QCrENZNj8ECwVSlXc2rgJTCaWCbxjex9aKLPg=",
        "owner": "nix-community",
        "repo": "NUR",
        "rev": "575437e85bcad63616e1473042ced3bc57686d87",
        "type": "github"
      },
      "original": {
        "owner": "nix-community",
        "repo": "NUR",
        "type": "github"
      }
    },
    "root": {
      "inputs": {
        "home-manager": "home-manager",
        "nixpkgs": "nixpkgs",
        "nonicons": "nonicons",
        "nur": "nur",
        "secrets": "secrets"
      }
    },
    "secrets": {
      "locked": {
        "lastModified": 1675701770,
        "narHash": "sha256-qB0+VjnLLc6NcxPjNhdG7fBFTEeqsr1ynsv0sLIJB8E=",
        "ref": "master",
        "rev": "b592da39b18bb013454a5f2447be4dc556fb16da",
        "revCount": 112,
        "type": "git",
        "url": "ssh://git@github.com/ruler501/dotfiles-private.git"
      },
      "original": {
        "type": "git",
        "url": "ssh://git@github.com/ruler501/dotfiles-private.git"
      }
    },
    "utils": {
      "locked": {
        "lastModified": 1667395993,
        "narHash": "sha256-nuEHfE/LcWyuSWnS8t12N1wc105Qtau+/OdUAjtQ0rA=",
        "owner": "numtide",
        "repo": "flake-utils",
        "rev": "5aed5285a952e0b949eb3ba02c12fa4fcfef535f",
        "type": "github"
      },
      "original": {
        "owner": "numtide",
        "repo": "flake-utils",
        "type": "github"
      }
    }
  },
  "root": "root",
  "version": 7
}
