{
  "nodes": {
    "home-manager": {
      "inputs": {
        "nixpkgs": [
          "nixpkgs"
        ]
      },
      "locked": {
        "lastModified": 1712759992,
        "narHash": "sha256-2APpO3ZW4idlgtlb8hB04u/rmIcKA8O7pYqxF66xbNY=",
        "owner": "nix-community",
        "repo": "home-manager",
        "rev": "31357486b0ef6f4e161e002b6893eeb4fafc3ca9",
        "type": "github"
      },
      "original": {
        "owner": "nix-community",
        "repo": "home-manager",
        "type": "github"
      }
    },
    "nixpkgs": {
      "locked": {
        "lastModified": 1712791164,
        "narHash": "sha256-3sbWO1mbpWsLepZGbWaMovSO7ndZeFqDSdX0hZ9nVyw=",
        "owner": "nixos",
        "repo": "nixpkgs",
        "rev": "1042fd8b148a9105f3c0aca3a6177fd1d9360ba5",
        "type": "github"
      },
      "original": {
        "owner": "nixos",
        "ref": "nixos-unstable",
        "repo": "nixpkgs",
        "type": "github"
      }
    },
    "nixpkgs-stable": {
      "locked": {
        "lastModified": 1704290814,
        "narHash": "sha256-LWvKHp7kGxk/GEtlrGYV68qIvPHkU9iToomNFGagixU=",
        "owner": "nixos",
        "repo": "nixpkgs",
        "rev": "70bdadeb94ffc8806c0570eb5c2695ad29f0e421",
        "type": "github"
      },
      "original": {
        "owner": "nixos",
        "ref": "nixos-23.05",
        "repo": "nixpkgs",
        "type": "github"
      }
    },
    "nonicons": {
      "flake": false,
      "locked": {
        "lastModified": 1685408537,
        "narHash": "sha256-c2UUef5/l5ugKwWV8R3gijD6aorw9H4ca+mGjy+VyYE=",
        "owner": "yamatsum",
        "repo": "nonicons",
        "rev": "8454b3b6c3ceeee18b386b7882c5a071dcf0f3af",
        "type": "github"
      },
      "original": {
        "owner": "yamatsum",
        "repo": "nonicons",
        "type": "github"
      }
    },
    "nur": {
      "locked": {
        "lastModified": 1712961963,
        "narHash": "sha256-fcuo3+dWhKRpWSEfrJxJS4ryKWdc9ygteKe0N7dRNMk=",
        "owner": "nix-community",
        "repo": "NUR",
        "rev": "5948f5111581e7fdad49eecaa5999a1088cfa693",
        "type": "github"
      },
      "original": {
        "owner": "nix-community",
        "repo": "NUR",
        "type": "github"
      }
    },
    "root": {
      "inputs": {
        "home-manager": "home-manager",
        "nixpkgs": "nixpkgs",
        "nixpkgs-stable": "nixpkgs-stable",
        "nonicons": "nonicons",
        "nur": "nur",
        "secrets": "secrets"
      }
    },
    "secrets": {
      "locked": {
        "lastModified": 1675701770,
        "narHash": "sha256-qB0+VjnLLc6NcxPjNhdG7fBFTEeqsr1ynsv0sLIJB8E=",
        "ref": "refs/heads/master",
        "rev": "b592da39b18bb013454a5f2447be4dc556fb16da",
        "revCount": 112,
        "type": "git",
        "url": "ssh://git@github.com/ruler501/dotfiles-private.git"
      },
      "original": {
        "type": "git",
        "url": "ssh://git@github.com/ruler501/dotfiles-private.git"
      }
    }
  },
  "root": "root",
  "version": 7
}
