{
  "nodes": {
    "home-manager": {
      "inputs": {
        "nixpkgs": [
          "nixpkgs"
        ]
      },
      "locked": {
        "lastModified": 1686341756,
        "narHash": "sha256-7ZCcV9cGtPNhAyMMONYycqYsF6fPUib6lzODLdAOhyY=",
        "owner": "nix-community",
        "repo": "home-manager",
        "rev": "2a69182c569b190ae0d95244707db4d1209de6cf",
        "type": "github"
      },
      "original": {
        "owner": "nix-community",
        "repo": "home-manager",
        "type": "github"
      }
    },
    "nixpkgs": {
      "locked": {
        "lastModified": 1686226982,
        "narHash": "sha256-nLuiPoeiVfqqzeq9rmXxpybh77VS37dsY/k8N2LoxVg=",
        "owner": "nixos",
        "repo": "nixpkgs",
        "rev": "a64b73e07d4aa65cfcbda29ecf78eaf9e72e44bd",
        "type": "github"
      },
      "original": {
        "owner": "nixos",
        "ref": "nixos-unstable",
        "repo": "nixpkgs",
        "type": "github"
      }
    },
    "nixpkgs-stable": {
      "locked": {
        "lastModified": 1686237827,
        "narHash": "sha256-fAZB+Zkcmc+qlauiFnIH9+2qgwM0NO/ru5pWEw3tDow=",
        "owner": "nixos",
        "repo": "nixpkgs",
        "rev": "81ed90058a851eb73be835c770e062c6938c8a9e",
        "type": "github"
      },
      "original": {
        "owner": "nixos",
        "ref": "nixos-23.05",
        "repo": "nixpkgs",
        "type": "github"
      }
    },
    "nonicons": {
      "flake": false,
      "locked": {
        "lastModified": 1685408537,
        "narHash": "sha256-c2UUef5/l5ugKwWV8R3gijD6aorw9H4ca+mGjy+VyYE=",
        "owner": "yamatsum",
        "repo": "nonicons",
        "rev": "8454b3b6c3ceeee18b386b7882c5a071dcf0f3af",
        "type": "github"
      },
      "original": {
        "owner": "yamatsum",
        "repo": "nonicons",
        "type": "github"
      }
    },
    "nur": {
      "locked": {
        "lastModified": 1686339940,
        "narHash": "sha256-93zm2BLW/v/A3borHMHEIxUjZFGhFzf8KmFtEU6NzYg=",
        "owner": "nix-community",
        "repo": "NUR",
        "rev": "7ea92f442e4f455cc99b6bf8061be48f7f3a7c66",
        "type": "github"
      },
      "original": {
        "owner": "nix-community",
        "repo": "NUR",
        "type": "github"
      }
    },
    "root": {
      "inputs": {
        "home-manager": "home-manager",
        "nixpkgs": "nixpkgs",
        "nixpkgs-stable": "nixpkgs-stable",
        "nonicons": "nonicons",
        "nur": "nur",
        "secrets": "secrets"
      }
    },
    "secrets": {
      "locked": {
        "lastModified": 1675701770,
        "narHash": "sha256-qB0+VjnLLc6NcxPjNhdG7fBFTEeqsr1ynsv0sLIJB8E=",
        "ref": "refs/heads/master",
        "rev": "b592da39b18bb013454a5f2447be4dc556fb16da",
        "revCount": 112,
        "type": "git",
        "url": "ssh://git@github.com/ruler501/dotfiles-private.git"
      },
      "original": {
        "type": "git",
        "url": "ssh://git@github.com/ruler501/dotfiles-private.git"
      }
    }
  },
  "root": "root",
  "version": 7
}
